// !$*UTF8*$!
{
	archiveVersion = 1;
	classes = {
	};
	objectVersion = 55;
	objects = {

/* Begin PBXBuildFile section */
		BF403B99271E799900E58BED /* AppDelegate.swift in Sources */ = {isa = PBXBuildFile; fileRef = BF403B98271E799900E58BED /* AppDelegate.swift */; };
		BF403BA0271E799900E58BED /* Main.storyboard in Resources */ = {isa = PBXBuildFile; fileRef = BF403B9E271E799900E58BED /* Main.storyboard */; };
		BF403BA3271E799900E58BED /* WeatherApp.xcdatamodeld in Sources */ = {isa = PBXBuildFile; fileRef = BF403BA1271E799900E58BED /* WeatherApp.xcdatamodeld */; };
		BF403BA5271E799D00E58BED /* Assets.xcassets in Resources */ = {isa = PBXBuildFile; fileRef = BF403BA4271E799D00E58BED /* Assets.xcassets */; };
		BF403BA8271E799D00E58BED /* LaunchScreen.storyboard in Resources */ = {isa = PBXBuildFile; fileRef = BF403BA6271E799D00E58BED /* LaunchScreen.storyboard */; };
		BF403BB3271E799E00E58BED /* WeatherAppTests.swift in Sources */ = {isa = PBXBuildFile; fileRef = BF403BB2271E799E00E58BED /* WeatherAppTests.swift */; };
		BF403BBD271E799E00E58BED /* WeatherAppUITests.swift in Sources */ = {isa = PBXBuildFile; fileRef = BF403BBC271E799E00E58BED /* WeatherAppUITests.swift */; };
		BF403BBF271E799E00E58BED /* WeatherAppUITestsLaunchTests.swift in Sources */ = {isa = PBXBuildFile; fileRef = BF403BBE271E799E00E58BED /* WeatherAppUITestsLaunchTests.swift */; };
		BF403BCD271E7AFB00E58BED /* DefaultNetworkOperationPackage in Frameworks */ = {isa = PBXBuildFile; productRef = BF403BCC271E7AFB00E58BED /* DefaultNetworkOperationPackage */; };
		BF403BD0271E8E7300E58BED /* EndpointHelper.swift in Sources */ = {isa = PBXBuildFile; fileRef = BF403BCF271E8E7300E58BED /* EndpointHelper.swift */; };
		BF403BD4271EA56D00E58BED /* GoogleService-Info.plist in Resources */ = {isa = PBXBuildFile; fileRef = BF403BD3271EA56D00E58BED /* GoogleService-Info.plist */; };
		BF403BD7271EA9C300E58BED /* FirebaseAnalytics in Frameworks */ = {isa = PBXBuildFile; productRef = BF403BD6271EA9C300E58BED /* FirebaseAnalytics */; };
		BF403BD9271EA9C300E58BED /* FirebaseAuth in Frameworks */ = {isa = PBXBuildFile; productRef = BF403BD8271EA9C300E58BED /* FirebaseAuth */; };
		BFBB8A42271EB39E00A299F9 /* UIApplication+Extension.swift in Sources */ = {isa = PBXBuildFile; fileRef = BFBB8A26271EB39E00A299F9 /* UIApplication+Extension.swift */; };
		BFBB8A43271EB39E00A299F9 /* UIView+Extensions.swift in Sources */ = {isa = PBXBuildFile; fileRef = BFBB8A27271EB39E00A299F9 /* UIView+Extensions.swift */; };
		BFBB8A44271EB39E00A299F9 /* String+Extension.swift in Sources */ = {isa = PBXBuildFile; fileRef = BFBB8A28271EB39E00A299F9 /* String+Extension.swift */; };
		BFBB8A45271EB39E00A299F9 /* SFSymbolsHelper.swift in Sources */ = {isa = PBXBuildFile; fileRef = BFBB8A2A271EB39E00A299F9 /* SFSymbolsHelper.swift */; };
		BFBB8A46271EB39E00A299F9 /* TabBarImages.swift in Sources */ = {isa = PBXBuildFile; fileRef = BFBB8A2B271EB39E00A299F9 /* TabBarImages.swift */; };
		BFBB8A47271EB39E00A299F9 /* CommonUtilImages.swift in Sources */ = {isa = PBXBuildFile; fileRef = BFBB8A2C271EB39E00A299F9 /* CommonUtilImages.swift */; };
		BFBB8A48271EB39E00A299F9 /* PageViewImages.swift in Sources */ = {isa = PBXBuildFile; fileRef = BFBB8A2D271EB39E00A299F9 /* PageViewImages.swift */; };
		BFBB8A49271EB39E00A299F9 /* Roboto-Medium.ttf in Resources */ = {isa = PBXBuildFile; fileRef = BFBB8A30271EB39E00A299F9 /* Roboto-Medium.ttf */; };
		BFBB8A4A271EB39E00A299F9 /* Roboto-Light.ttf in Resources */ = {isa = PBXBuildFile; fileRef = BFBB8A31271EB39E00A299F9 /* Roboto-Light.ttf */; };
		BFBB8A4B271EB39E00A299F9 /* Roboto-Regular.ttf in Resources */ = {isa = PBXBuildFile; fileRef = BFBB8A32271EB39E00A299F9 /* Roboto-Regular.ttf */; };
		BFBB8A4C271EB39E00A299F9 /* Roboto-MediumItalic.ttf in Resources */ = {isa = PBXBuildFile; fileRef = BFBB8A33271EB39E00A299F9 /* Roboto-MediumItalic.ttf */; };
		BFBB8A4D271EB39E00A299F9 /* Roboto-ThinItalic.ttf in Resources */ = {isa = PBXBuildFile; fileRef = BFBB8A34271EB39E00A299F9 /* Roboto-ThinItalic.ttf */; };
		BFBB8A4E271EB39E00A299F9 /* Roboto-BoldItalic.ttf in Resources */ = {isa = PBXBuildFile; fileRef = BFBB8A35271EB39E00A299F9 /* Roboto-BoldItalic.ttf */; };
		BFBB8A4F271EB39E00A299F9 /* Roboto-LightItalic.ttf in Resources */ = {isa = PBXBuildFile; fileRef = BFBB8A36271EB39E00A299F9 /* Roboto-LightItalic.ttf */; };
		BFBB8A50271EB39E00A299F9 /* Roboto-Italic.ttf in Resources */ = {isa = PBXBuildFile; fileRef = BFBB8A37271EB39E00A299F9 /* Roboto-Italic.ttf */; };
		BFBB8A51271EB39E00A299F9 /* LICENSE.txt in Resources */ = {isa = PBXBuildFile; fileRef = BFBB8A38271EB39E00A299F9 /* LICENSE.txt */; };
		BFBB8A52271EB39E00A299F9 /* Roboto-BlackItalic.ttf in Resources */ = {isa = PBXBuildFile; fileRef = BFBB8A39271EB39E00A299F9 /* Roboto-BlackItalic.ttf */; };
		BFBB8A53271EB39E00A299F9 /* Roboto-Bold.ttf in Resources */ = {isa = PBXBuildFile; fileRef = BFBB8A3A271EB39E00A299F9 /* Roboto-Bold.ttf */; };
		BFBB8A54271EB39E00A299F9 /* Roboto-Thin.ttf in Resources */ = {isa = PBXBuildFile; fileRef = BFBB8A3B271EB39E00A299F9 /* Roboto-Thin.ttf */; };
		BFBB8A55271EB39E00A299F9 /* Roboto-Black.ttf in Resources */ = {isa = PBXBuildFile; fileRef = BFBB8A3C271EB39E00A299F9 /* Roboto-Black.ttf */; };
		BFBB8A56271EB39E00A299F9 /* MainFont.swift in Sources */ = {isa = PBXBuildFile; fileRef = BFBB8A3E271EB39E00A299F9 /* MainFont.swift */; };
		BFBB8A57271EB39E00A299F9 /* TutorialViewInfoStore.swift in Sources */ = {isa = PBXBuildFile; fileRef = BFBB8A40271EB39E00A299F9 /* TutorialViewInfoStore.swift */; };
		BFBB8A58271EB39E00A299F9 /* UserDefaultsWrapperHelper.swift in Sources */ = {isa = PBXBuildFile; fileRef = BFBB8A41271EB39E00A299F9 /* UserDefaultsWrapperHelper.swift */; };
		BFBB8A61271EB3A600A299F9 /* GenericRowType.swift in Sources */ = {isa = PBXBuildFile; fileRef = BFBB8A5A271EB3A600A299F9 /* GenericRowType.swift */; };
		BFBB8A62271EB3A600A299F9 /* GenericValueProtocol.swift in Sources */ = {isa = PBXBuildFile; fileRef = BFBB8A5B271EB3A600A299F9 /* GenericValueProtocol.swift */; };
		BFBB8A63271EB3A600A299F9 /* BaseViewController.swift in Sources */ = {isa = PBXBuildFile; fileRef = BFBB8A5C271EB3A600A299F9 /* BaseViewController.swift */; };
		BFBB8A64271EB3A600A299F9 /* BaseTableViewCell.swift in Sources */ = {isa = PBXBuildFile; fileRef = BFBB8A5D271EB3A600A299F9 /* BaseTableViewCell.swift */; };
		BFBB8A65271EB3A600A299F9 /* GenericDataProtocol.swift in Sources */ = {isa = PBXBuildFile; fileRef = BFBB8A5E271EB3A600A299F9 /* GenericDataProtocol.swift */; };
		BFBB8A66271EB3A600A299F9 /* GenericBaseView.swift in Sources */ = {isa = PBXBuildFile; fileRef = BFBB8A5F271EB3A600A299F9 /* GenericBaseView.swift */; };
		BFBB8A67271EB3A600A299F9 /* BaseView.swift in Sources */ = {isa = PBXBuildFile; fileRef = BFBB8A60271EB3A600A299F9 /* BaseView.swift */; };
		BFBB8A6C271EB3EC00A299F9 /* MainViewBuilder.swift in Sources */ = {isa = PBXBuildFile; fileRef = BFBB8A6B271EB3EC00A299F9 /* MainViewBuilder.swift */; };
		BFBB8A6E271EB3FC00A299F9 /* MainViewController.swift in Sources */ = {isa = PBXBuildFile; fileRef = BFBB8A6D271EB3FC00A299F9 /* MainViewController.swift */; };
		BFBB8A70271EB40300A299F9 /* MainViewModel.swift in Sources */ = {isa = PBXBuildFile; fileRef = BFBB8A6F271EB40300A299F9 /* MainViewModel.swift */; };
		BFBB8A72271EB48F00A299F9 /* SplashViewModel.swift in Sources */ = {isa = PBXBuildFile; fileRef = BFBB8A71271EB48F00A299F9 /* SplashViewModel.swift */; };
		BFBB8A74271EB49600A299F9 /* SplashViewController.swift in Sources */ = {isa = PBXBuildFile; fileRef = BFBB8A73271EB49600A299F9 /* SplashViewController.swift */; };
		BFBB8A76271EB49C00A299F9 /* SplashViewBuilder.swift in Sources */ = {isa = PBXBuildFile; fileRef = BFBB8A75271EB49C00A299F9 /* SplashViewBuilder.swift */; };
/* End PBXBuildFile section */

/* Begin PBXContainerItemProxy section */
		BF403BAF271E799E00E58BED /* PBXContainerItemProxy */ = {
			isa = PBXContainerItemProxy;
			containerPortal = BF403B8D271E799900E58BED /* Project object */;
			proxyType = 1;
			remoteGlobalIDString = BF403B94271E799900E58BED;
			remoteInfo = WeatherApp;
		};
		BF403BB9271E799E00E58BED /* PBXContainerItemProxy */ = {
			isa = PBXContainerItemProxy;
			containerPortal = BF403B8D271E799900E58BED /* Project object */;
			proxyType = 1;
			remoteGlobalIDString = BF403B94271E799900E58BED;
			remoteInfo = WeatherApp;
		};
/* End PBXContainerItemProxy section */

/* Begin PBXFileReference section */
		BF403B95271E799900E58BED /* WeatherApp.app */ = {isa = PBXFileReference; explicitFileType = wrapper.application; includeInIndex = 0; path = WeatherApp.app; sourceTree = BUILT_PRODUCTS_DIR; };
		BF403B98271E799900E58BED /* AppDelegate.swift */ = {isa = PBXFileReference; lastKnownFileType = sourcecode.swift; path = AppDelegate.swift; sourceTree = "<group>"; };
		BF403B9F271E799900E58BED /* Base */ = {isa = PBXFileReference; lastKnownFileType = file.storyboard; name = Base; path = Base.lproj/Main.storyboard; sourceTree = "<group>"; };
		BF403BA2271E799900E58BED /* WeatherApp.xcdatamodel */ = {isa = PBXFileReference; lastKnownFileType = wrapper.xcdatamodel; path = WeatherApp.xcdatamodel; sourceTree = "<group>"; };
		BF403BA4271E799D00E58BED /* Assets.xcassets */ = {isa = PBXFileReference; lastKnownFileType = folder.assetcatalog; path = Assets.xcassets; sourceTree = "<group>"; };
		BF403BA7271E799D00E58BED /* Base */ = {isa = PBXFileReference; lastKnownFileType = file.storyboard; name = Base; path = Base.lproj/LaunchScreen.storyboard; sourceTree = "<group>"; };
		BF403BA9271E799D00E58BED /* Info.plist */ = {isa = PBXFileReference; lastKnownFileType = text.plist.xml; path = Info.plist; sourceTree = "<group>"; };
		BF403BAE271E799E00E58BED /* WeatherAppTests.xctest */ = {isa = PBXFileReference; explicitFileType = wrapper.cfbundle; includeInIndex = 0; path = WeatherAppTests.xctest; sourceTree = BUILT_PRODUCTS_DIR; };
		BF403BB2271E799E00E58BED /* WeatherAppTests.swift */ = {isa = PBXFileReference; lastKnownFileType = sourcecode.swift; path = WeatherAppTests.swift; sourceTree = "<group>"; };
		BF403BB8271E799E00E58BED /* WeatherAppUITests.xctest */ = {isa = PBXFileReference; explicitFileType = wrapper.cfbundle; includeInIndex = 0; path = WeatherAppUITests.xctest; sourceTree = BUILT_PRODUCTS_DIR; };
		BF403BBC271E799E00E58BED /* WeatherAppUITests.swift */ = {isa = PBXFileReference; lastKnownFileType = sourcecode.swift; path = WeatherAppUITests.swift; sourceTree = "<group>"; };
		BF403BBE271E799E00E58BED /* WeatherAppUITestsLaunchTests.swift */ = {isa = PBXFileReference; lastKnownFileType = sourcecode.swift; path = WeatherAppUITestsLaunchTests.swift; sourceTree = "<group>"; };
		BF403BCF271E8E7300E58BED /* EndpointHelper.swift */ = {isa = PBXFileReference; lastKnownFileType = sourcecode.swift; path = EndpointHelper.swift; sourceTree = "<group>"; };
		BF403BD3271EA56D00E58BED /* GoogleService-Info.plist */ = {isa = PBXFileReference; fileEncoding = 4; lastKnownFileType = text.plist.xml; path = "GoogleService-Info.plist"; sourceTree = "<group>"; };
		BFBB8A26271EB39E00A299F9 /* UIApplication+Extension.swift */ = {isa = PBXFileReference; fileEncoding = 4; lastKnownFileType = sourcecode.swift; path = "UIApplication+Extension.swift"; sourceTree = "<group>"; };
		BFBB8A27271EB39E00A299F9 /* UIView+Extensions.swift */ = {isa = PBXFileReference; fileEncoding = 4; lastKnownFileType = sourcecode.swift; path = "UIView+Extensions.swift"; sourceTree = "<group>"; };
		BFBB8A28271EB39E00A299F9 /* String+Extension.swift */ = {isa = PBXFileReference; fileEncoding = 4; lastKnownFileType = sourcecode.swift; path = "String+Extension.swift"; sourceTree = "<group>"; };
		BFBB8A2A271EB39E00A299F9 /* SFSymbolsHelper.swift */ = {isa = PBXFileReference; fileEncoding = 4; lastKnownFileType = sourcecode.swift; path = SFSymbolsHelper.swift; sourceTree = "<group>"; };
		BFBB8A2B271EB39E00A299F9 /* TabBarImages.swift */ = {isa = PBXFileReference; fileEncoding = 4; lastKnownFileType = sourcecode.swift; path = TabBarImages.swift; sourceTree = "<group>"; };
		BFBB8A2C271EB39E00A299F9 /* CommonUtilImages.swift */ = {isa = PBXFileReference; fileEncoding = 4; lastKnownFileType = sourcecode.swift; path = CommonUtilImages.swift; sourceTree = "<group>"; };
		BFBB8A2D271EB39E00A299F9 /* PageViewImages.swift */ = {isa = PBXFileReference; fileEncoding = 4; lastKnownFileType = sourcecode.swift; path = PageViewImages.swift; sourceTree = "<group>"; };
		BFBB8A30271EB39E00A299F9 /* Roboto-Medium.ttf */ = {isa = PBXFileReference; lastKnownFileType = file; path = "Roboto-Medium.ttf"; sourceTree = "<group>"; };
		BFBB8A31271EB39E00A299F9 /* Roboto-Light.ttf */ = {isa = PBXFileReference; lastKnownFileType = file; path = "Roboto-Light.ttf"; sourceTree = "<group>"; };
		BFBB8A32271EB39E00A299F9 /* Roboto-Regular.ttf */ = {isa = PBXFileReference; lastKnownFileType = file; path = "Roboto-Regular.ttf"; sourceTree = "<group>"; };
		BFBB8A33271EB39E00A299F9 /* Roboto-MediumItalic.ttf */ = {isa = PBXFileReference; lastKnownFileType = file; path = "Roboto-MediumItalic.ttf"; sourceTree = "<group>"; };
		BFBB8A34271EB39E00A299F9 /* Roboto-ThinItalic.ttf */ = {isa = PBXFileReference; lastKnownFileType = file; path = "Roboto-ThinItalic.ttf"; sourceTree = "<group>"; };
		BFBB8A35271EB39E00A299F9 /* Roboto-BoldItalic.ttf */ = {isa = PBXFileReference; lastKnownFileType = file; path = "Roboto-BoldItalic.ttf"; sourceTree = "<group>"; };
		BFBB8A36271EB39E00A299F9 /* Roboto-LightItalic.ttf */ = {isa = PBXFileReference; lastKnownFileType = file; path = "Roboto-LightItalic.ttf"; sourceTree = "<group>"; };
		BFBB8A37271EB39E00A299F9 /* Roboto-Italic.ttf */ = {isa = PBXFileReference; lastKnownFileType = file; path = "Roboto-Italic.ttf"; sourceTree = "<group>"; };
		BFBB8A38271EB39E00A299F9 /* LICENSE.txt */ = {isa = PBXFileReference; fileEncoding = 4; lastKnownFileType = text; path = LICENSE.txt; sourceTree = "<group>"; };
		BFBB8A39271EB39E00A299F9 /* Roboto-BlackItalic.ttf */ = {isa = PBXFileReference; lastKnownFileType = file; path = "Roboto-BlackItalic.ttf"; sourceTree = "<group>"; };
		BFBB8A3A271EB39E00A299F9 /* Roboto-Bold.ttf */ = {isa = PBXFileReference; lastKnownFileType = file; path = "Roboto-Bold.ttf"; sourceTree = "<group>"; };
		BFBB8A3B271EB39E00A299F9 /* Roboto-Thin.ttf */ = {isa = PBXFileReference; lastKnownFileType = file; path = "Roboto-Thin.ttf"; sourceTree = "<group>"; };
		BFBB8A3C271EB39E00A299F9 /* Roboto-Black.ttf */ = {isa = PBXFileReference; lastKnownFileType = file; path = "Roboto-Black.ttf"; sourceTree = "<group>"; };
		BFBB8A3E271EB39E00A299F9 /* MainFont.swift */ = {isa = PBXFileReference; fileEncoding = 4; lastKnownFileType = sourcecode.swift; path = MainFont.swift; sourceTree = "<group>"; };
		BFBB8A40271EB39E00A299F9 /* TutorialViewInfoStore.swift */ = {isa = PBXFileReference; fileEncoding = 4; lastKnownFileType = sourcecode.swift; path = TutorialViewInfoStore.swift; sourceTree = "<group>"; };
		BFBB8A41271EB39E00A299F9 /* UserDefaultsWrapperHelper.swift */ = {isa = PBXFileReference; fileEncoding = 4; lastKnownFileType = sourcecode.swift; path = UserDefaultsWrapperHelper.swift; sourceTree = "<group>"; };
		BFBB8A5A271EB3A600A299F9 /* GenericRowType.swift */ = {isa = PBXFileReference; fileEncoding = 4; lastKnownFileType = sourcecode.swift; path = GenericRowType.swift; sourceTree = "<group>"; };
		BFBB8A5B271EB3A600A299F9 /* GenericValueProtocol.swift */ = {isa = PBXFileReference; fileEncoding = 4; lastKnownFileType = sourcecode.swift; path = GenericValueProtocol.swift; sourceTree = "<group>"; };
		BFBB8A5C271EB3A600A299F9 /* BaseViewController.swift */ = {isa = PBXFileReference; fileEncoding = 4; lastKnownFileType = sourcecode.swift; path = BaseViewController.swift; sourceTree = "<group>"; };
		BFBB8A5D271EB3A600A299F9 /* BaseTableViewCell.swift */ = {isa = PBXFileReference; fileEncoding = 4; lastKnownFileType = sourcecode.swift; path = BaseTableViewCell.swift; sourceTree = "<group>"; };
		BFBB8A5E271EB3A600A299F9 /* GenericDataProtocol.swift */ = {isa = PBXFileReference; fileEncoding = 4; lastKnownFileType = sourcecode.swift; path = GenericDataProtocol.swift; sourceTree = "<group>"; };
		BFBB8A5F271EB3A600A299F9 /* GenericBaseView.swift */ = {isa = PBXFileReference; fileEncoding = 4; lastKnownFileType = sourcecode.swift; path = GenericBaseView.swift; sourceTree = "<group>"; };
		BFBB8A60271EB3A600A299F9 /* BaseView.swift */ = {isa = PBXFileReference; fileEncoding = 4; lastKnownFileType = sourcecode.swift; path = BaseView.swift; sourceTree = "<group>"; };
		BFBB8A6B271EB3EC00A299F9 /* MainViewBuilder.swift */ = {isa = PBXFileReference; lastKnownFileType = sourcecode.swift; path = MainViewBuilder.swift; sourceTree = "<group>"; };
		BFBB8A6D271EB3FC00A299F9 /* MainViewController.swift */ = {isa = PBXFileReference; lastKnownFileType = sourcecode.swift; path = MainViewController.swift; sourceTree = "<group>"; };
		BFBB8A6F271EB40300A299F9 /* MainViewModel.swift */ = {isa = PBXFileReference; lastKnownFileType = sourcecode.swift; path = MainViewModel.swift; sourceTree = "<group>"; };
		BFBB8A71271EB48F00A299F9 /* SplashViewModel.swift */ = {isa = PBXFileReference; lastKnownFileType = sourcecode.swift; path = SplashViewModel.swift; sourceTree = "<group>"; };
		BFBB8A73271EB49600A299F9 /* SplashViewController.swift */ = {isa = PBXFileReference; lastKnownFileType = sourcecode.swift; path = SplashViewController.swift; sourceTree = "<group>"; };
		BFBB8A75271EB49C00A299F9 /* SplashViewBuilder.swift */ = {isa = PBXFileReference; lastKnownFileType = sourcecode.swift; path = SplashViewBuilder.swift; sourceTree = "<group>"; };
/* End PBXFileReference section */

/* Begin PBXFrameworksBuildPhase section */
		BF403B92271E799900E58BED /* Frameworks */ = {
			isa = PBXFrameworksBuildPhase;
			buildActionMask = 2147483647;
			files = (
				BF403BD7271EA9C300E58BED /* FirebaseAnalytics in Frameworks */,
				BF403BD9271EA9C300E58BED /* FirebaseAuth in Frameworks */,
				BF403BCD271E7AFB00E58BED /* DefaultNetworkOperationPackage in Frameworks */,
			);
			runOnlyForDeploymentPostprocessing = 0;
		};
		BF403BAB271E799E00E58BED /* Frameworks */ = {
			isa = PBXFrameworksBuildPhase;
			buildActionMask = 2147483647;
			files = (
			);
			runOnlyForDeploymentPostprocessing = 0;
		};
		BF403BB5271E799E00E58BED /* Frameworks */ = {
			isa = PBXFrameworksBuildPhase;
			buildActionMask = 2147483647;
			files = (
			);
			runOnlyForDeploymentPostprocessing = 0;
		};
/* End PBXFrameworksBuildPhase section */

/* Begin PBXGroup section */
		BF403B8C271E799900E58BED = {
			isa = PBXGroup;
			children = (
				BF403B97271E799900E58BED /* WeatherApp */,
				BF403BB1271E799E00E58BED /* WeatherAppTests */,
				BF403BBB271E799E00E58BED /* WeatherAppUITests */,
				BF403B96271E799900E58BED /* Products */,
			);
			sourceTree = "<group>";
		};
		BF403B96271E799900E58BED /* Products */ = {
			isa = PBXGroup;
			children = (
				BF403B95271E799900E58BED /* WeatherApp.app */,
				BF403BAE271E799E00E58BED /* WeatherAppTests.xctest */,
				BF403BB8271E799E00E58BED /* WeatherAppUITests.xctest */,
			);
			name = Products;
			sourceTree = "<group>";
		};
		BF403B97271E799900E58BED /* WeatherApp */ = {
			isa = PBXGroup;
			children = (
				BFBB8A68271EB3C000A299F9 /* SceneModules */,
				BFBB8A59271EB3A600A299F9 /* BaseComponents */,
				BFBB8A24271EB39E00A299F9 /* Utilities */,
				BF403BCE271E8E5D00E58BED /* NewtworkModules */,
				BF403B98271E799900E58BED /* AppDelegate.swift */,
				BF403B9E271E799900E58BED /* Main.storyboard */,
				BF403BA4271E799D00E58BED /* Assets.xcassets */,
				BF403BD3271EA56D00E58BED /* GoogleService-Info.plist */,
				BF403BA6271E799D00E58BED /* LaunchScreen.storyboard */,
				BF403BA9271E799D00E58BED /* Info.plist */,
				BF403BA1271E799900E58BED /* WeatherApp.xcdatamodeld */,
			);
			path = WeatherApp;
			sourceTree = "<group>";
		};
		BF403BB1271E799E00E58BED /* WeatherAppTests */ = {
			isa = PBXGroup;
			children = (
				BF403BB2271E799E00E58BED /* WeatherAppTests.swift */,
			);
			path = WeatherAppTests;
			sourceTree = "<group>";
		};
		BF403BBB271E799E00E58BED /* WeatherAppUITests */ = {
			isa = PBXGroup;
			children = (
				BF403BBC271E799E00E58BED /* WeatherAppUITests.swift */,
				BF403BBE271E799E00E58BED /* WeatherAppUITestsLaunchTests.swift */,
			);
			path = WeatherAppUITests;
			sourceTree = "<group>";
		};
		BF403BCE271E8E5D00E58BED /* NewtworkModules */ = {
			isa = PBXGroup;
			children = (
				BF403BCF271E8E7300E58BED /* EndpointHelper.swift */,
			);
			path = NewtworkModules;
			sourceTree = "<group>";
		};
		BFBB8A24271EB39E00A299F9 /* Utilities */ = {
			isa = PBXGroup;
			children = (
				BFBB8A25271EB39E00A299F9 /* Extensions */,
				BFBB8A29271EB39E00A299F9 /* AssetHelpers */,
				BFBB8A2E271EB39E00A299F9 /* FontManagers */,
				BFBB8A3F271EB39E00A299F9 /* UserDefaultsHelpers */,
			);
			path = Utilities;
			sourceTree = "<group>";
		};
		BFBB8A25271EB39E00A299F9 /* Extensions */ = {
			isa = PBXGroup;
			children = (
				BFBB8A26271EB39E00A299F9 /* UIApplication+Extension.swift */,
				BFBB8A27271EB39E00A299F9 /* UIView+Extensions.swift */,
				BFBB8A28271EB39E00A299F9 /* String+Extension.swift */,
			);
			path = Extensions;
			sourceTree = "<group>";
		};
		BFBB8A29271EB39E00A299F9 /* AssetHelpers */ = {
			isa = PBXGroup;
			children = (
				BFBB8A2A271EB39E00A299F9 /* SFSymbolsHelper.swift */,
				BFBB8A2B271EB39E00A299F9 /* TabBarImages.swift */,
				BFBB8A2C271EB39E00A299F9 /* CommonUtilImages.swift */,
				BFBB8A2D271EB39E00A299F9 /* PageViewImages.swift */,
			);
			path = AssetHelpers;
			sourceTree = "<group>";
		};
		BFBB8A2E271EB39E00A299F9 /* FontManagers */ = {
			isa = PBXGroup;
			children = (
				BFBB8A2F271EB39E00A299F9 /* Roboto */,
				BFBB8A3D271EB39E00A299F9 /* Helpers */,
			);
			path = FontManagers;
			sourceTree = "<group>";
		};
		BFBB8A2F271EB39E00A299F9 /* Roboto */ = {
			isa = PBXGroup;
			children = (
				BFBB8A30271EB39E00A299F9 /* Roboto-Medium.ttf */,
				BFBB8A31271EB39E00A299F9 /* Roboto-Light.ttf */,
				BFBB8A32271EB39E00A299F9 /* Roboto-Regular.ttf */,
				BFBB8A33271EB39E00A299F9 /* Roboto-MediumItalic.ttf */,
				BFBB8A34271EB39E00A299F9 /* Roboto-ThinItalic.ttf */,
				BFBB8A35271EB39E00A299F9 /* Roboto-BoldItalic.ttf */,
				BFBB8A36271EB39E00A299F9 /* Roboto-LightItalic.ttf */,
				BFBB8A37271EB39E00A299F9 /* Roboto-Italic.ttf */,
				BFBB8A38271EB39E00A299F9 /* LICENSE.txt */,
				BFBB8A39271EB39E00A299F9 /* Roboto-BlackItalic.ttf */,
				BFBB8A3A271EB39E00A299F9 /* Roboto-Bold.ttf */,
				BFBB8A3B271EB39E00A299F9 /* Roboto-Thin.ttf */,
				BFBB8A3C271EB39E00A299F9 /* Roboto-Black.ttf */,
			);
			path = Roboto;
			sourceTree = "<group>";
		};
		BFBB8A3D271EB39E00A299F9 /* Helpers */ = {
			isa = PBXGroup;
			children = (
				BFBB8A3E271EB39E00A299F9 /* MainFont.swift */,
			);
			path = Helpers;
			sourceTree = "<group>";
		};
		BFBB8A3F271EB39E00A299F9 /* UserDefaultsHelpers */ = {
			isa = PBXGroup;
			children = (
				BFBB8A40271EB39E00A299F9 /* TutorialViewInfoStore.swift */,
				BFBB8A41271EB39E00A299F9 /* UserDefaultsWrapperHelper.swift */,
			);
			path = UserDefaultsHelpers;
			sourceTree = "<group>";
		};
		BFBB8A59271EB3A600A299F9 /* BaseComponents */ = {
			isa = PBXGroup;
			children = (
				BFBB8A5A271EB3A600A299F9 /* GenericRowType.swift */,
				BFBB8A5B271EB3A600A299F9 /* GenericValueProtocol.swift */,
				BFBB8A5C271EB3A600A299F9 /* BaseViewController.swift */,
				BFBB8A5D271EB3A600A299F9 /* BaseTableViewCell.swift */,
				BFBB8A5E271EB3A600A299F9 /* GenericDataProtocol.swift */,
				BFBB8A5F271EB3A600A299F9 /* GenericBaseView.swift */,
				BFBB8A60271EB3A600A299F9 /* BaseView.swift */,
			);
			path = BaseComponents;
			sourceTree = "<group>";
		};
		BFBB8A68271EB3C000A299F9 /* SceneModules */ = {
			isa = PBXGroup;
			children = (
				BFBB8A6A271EB3D500A299F9 /* Main */,
				BFBB8A69271EB3CD00A299F9 /* Splash */,
			);
			path = SceneModules;
			sourceTree = "<group>";
		};
		BFBB8A69271EB3CD00A299F9 /* Splash */ = {
			isa = PBXGroup;
			children = (
				BFBB8A71271EB48F00A299F9 /* SplashViewModel.swift */,
				BFBB8A73271EB49600A299F9 /* SplashViewController.swift */,
				BFBB8A75271EB49C00A299F9 /* SplashViewBuilder.swift */,
			);
			path = Splash;
			sourceTree = "<group>";
		};
		BFBB8A6A271EB3D500A299F9 /* Main */ = {
			isa = PBXGroup;
			children = (
				BFBB8A6B271EB3EC00A299F9 /* MainViewBuilder.swift */,
				BFBB8A6D271EB3FC00A299F9 /* MainViewController.swift */,
				BFBB8A6F271EB40300A299F9 /* MainViewModel.swift */,
			);
			path = Main;
			sourceTree = "<group>";
		};
/* End PBXGroup section */

/* Begin PBXNativeTarget section */
		BF403B94271E799900E58BED /* WeatherApp */ = {
			isa = PBXNativeTarget;
			buildConfigurationList = BF403BC2271E799E00E58BED /* Build configuration list for PBXNativeTarget "WeatherApp" */;
			buildPhases = (
				BF403B91271E799900E58BED /* Sources */,
				BF403B92271E799900E58BED /* Frameworks */,
				BF403B93271E799900E58BED /* Resources */,
			);
			buildRules = (
			);
			dependencies = (
			);
			name = WeatherApp;
			packageProductDependencies = (
				BF403BCC271E7AFB00E58BED /* DefaultNetworkOperationPackage */,
				BF403BD6271EA9C300E58BED /* FirebaseAnalytics */,
				BF403BD8271EA9C300E58BED /* FirebaseAuth */,
			);
			productName = WeatherApp;
			productReference = BF403B95271E799900E58BED /* WeatherApp.app */;
			productType = "com.apple.product-type.application";
		};
		BF403BAD271E799E00E58BED /* WeatherAppTests */ = {
			isa = PBXNativeTarget;
			buildConfigurationList = BF403BC5271E799E00E58BED /* Build configuration list for PBXNativeTarget "WeatherAppTests" */;
			buildPhases = (
				BF403BAA271E799E00E58BED /* Sources */,
				BF403BAB271E799E00E58BED /* Frameworks */,
				BF403BAC271E799E00E58BED /* Resources */,
			);
			buildRules = (
			);
			dependencies = (
				BF403BB0271E799E00E58BED /* PBXTargetDependency */,
			);
			name = WeatherAppTests;
			productName = WeatherAppTests;
			productReference = BF403BAE271E799E00E58BED /* WeatherAppTests.xctest */;
			productType = "com.apple.product-type.bundle.unit-test";
		};
		BF403BB7271E799E00E58BED /* WeatherAppUITests */ = {
			isa = PBXNativeTarget;
			buildConfigurationList = BF403BC8271E799E00E58BED /* Build configuration list for PBXNativeTarget "WeatherAppUITests" */;
			buildPhases = (
				BF403BB4271E799E00E58BED /* Sources */,
				BF403BB5271E799E00E58BED /* Frameworks */,
				BF403BB6271E799E00E58BED /* Resources */,
			);
			buildRules = (
			);
			dependencies = (
				BF403BBA271E799E00E58BED /* PBXTargetDependency */,
			);
			name = WeatherAppUITests;
			productName = WeatherAppUITests;
			productReference = BF403BB8271E799E00E58BED /* WeatherAppUITests.xctest */;
			productType = "com.apple.product-type.bundle.ui-testing";
		};
/* End PBXNativeTarget section */

/* Begin PBXProject section */
		BF403B8D271E799900E58BED /* Project object */ = {
			isa = PBXProject;
			attributes = {
				BuildIndependentTargetsInParallel = 1;
				LastSwiftUpdateCheck = 1300;
				LastUpgradeCheck = 1300;
				TargetAttributes = {
					BF403B94271E799900E58BED = {
						CreatedOnToolsVersion = 13.0;
					};
					BF403BAD271E799E00E58BED = {
						CreatedOnToolsVersion = 13.0;
						TestTargetID = BF403B94271E799900E58BED;
					};
					BF403BB7271E799E00E58BED = {
						CreatedOnToolsVersion = 13.0;
						TestTargetID = BF403B94271E799900E58BED;
					};
				};
			};
			buildConfigurationList = BF403B90271E799900E58BED /* Build configuration list for PBXProject "WeatherApp" */;
			compatibilityVersion = "Xcode 13.0";
			developmentRegion = en;
			hasScannedForEncodings = 0;
			knownRegions = (
				en,
				Base,
			);
			mainGroup = BF403B8C271E799900E58BED;
			packageReferences = (
				BF403BCB271E7AFB00E58BED /* XCRemoteSwiftPackageReference "DefaultNetworkOperationPackage" */,
				BF403BD5271EA9C300E58BED /* XCRemoteSwiftPackageReference "firebase-ios-sdk" */,
			);
			productRefGroup = BF403B96271E799900E58BED /* Products */;
			projectDirPath = "";
			projectRoot = "";
			targets = (
				BF403B94271E799900E58BED /* WeatherApp */,
				BF403BAD271E799E00E58BED /* WeatherAppTests */,
				BF403BB7271E799E00E58BED /* WeatherAppUITests */,
			);
		};
/* End PBXProject section */

/* Begin PBXResourcesBuildPhase section */
		BF403B93271E799900E58BED /* Resources */ = {
			isa = PBXResourcesBuildPhase;
			buildActionMask = 2147483647;
			files = (
				BFBB8A54271EB39E00A299F9 /* Roboto-Thin.ttf in Resources */,
				BFBB8A49271EB39E00A299F9 /* Roboto-Medium.ttf in Resources */,
				BFBB8A50271EB39E00A299F9 /* Roboto-Italic.ttf in Resources */,
				BFBB8A53271EB39E00A299F9 /* Roboto-Bold.ttf in Resources */,
				BFBB8A4F271EB39E00A299F9 /* Roboto-LightItalic.ttf in Resources */,
				BFBB8A55271EB39E00A299F9 /* Roboto-Black.ttf in Resources */,
				BFBB8A52271EB39E00A299F9 /* Roboto-BlackItalic.ttf in Resources */,
				BFBB8A4B271EB39E00A299F9 /* Roboto-Regular.ttf in Resources */,
				BF403BA8271E799D00E58BED /* LaunchScreen.storyboard in Resources */,
				BFBB8A51271EB39E00A299F9 /* LICENSE.txt in Resources */,
				BFBB8A4A271EB39E00A299F9 /* Roboto-Light.ttf in Resources */,
				BFBB8A4C271EB39E00A299F9 /* Roboto-MediumItalic.ttf in Resources */,
				BF403BD4271EA56D00E58BED /* GoogleService-Info.plist in Resources */,
				BFBB8A4D271EB39E00A299F9 /* Roboto-ThinItalic.ttf in Resources */,
				BF403BA5271E799D00E58BED /* Assets.xcassets in Resources */,
				BFBB8A4E271EB39E00A299F9 /* Roboto-BoldItalic.ttf in Resources */,
				BF403BA0271E799900E58BED /* Main.storyboard in Resources */,
			);
			runOnlyForDeploymentPostprocessing = 0;
		};
		BF403BAC271E799E00E58BED /* Resources */ = {
			isa = PBXResourcesBuildPhase;
			buildActionMask = 2147483647;
			files = (
			);
			runOnlyForDeploymentPostprocessing = 0;
		};
		BF403BB6271E799E00E58BED /* Resources */ = {
			isa = PBXResourcesBuildPhase;
			buildActionMask = 2147483647;
			files = (
			);
			runOnlyForDeploymentPostprocessing = 0;
		};
/* End PBXResourcesBuildPhase section */

/* Begin PBXSourcesBuildPhase section */
		BF403B91271E799900E58BED /* Sources */ = {
			isa = PBXSourcesBuildPhase;
			buildActionMask = 2147483647;
			files = (
				BFBB8A56271EB39E00A299F9 /* MainFont.swift in Sources */,
				BFBB8A65271EB3A600A299F9 /* GenericDataProtocol.swift in Sources */,
				BFBB8A44271EB39E00A299F9 /* String+Extension.swift in Sources */,
				BFBB8A74271EB49600A299F9 /* SplashViewController.swift in Sources */,
				BFBB8A58271EB39E00A299F9 /* UserDefaultsWrapperHelper.swift in Sources */,
				BFBB8A64271EB3A600A299F9 /* BaseTableViewCell.swift in Sources */,
				BFBB8A70271EB40300A299F9 /* MainViewModel.swift in Sources */,
				BFBB8A57271EB39E00A299F9 /* TutorialViewInfoStore.swift in Sources */,
				BFBB8A43271EB39E00A299F9 /* UIView+Extensions.swift in Sources */,
				BFBB8A63271EB3A600A299F9 /* BaseViewController.swift in Sources */,
				BFBB8A67271EB3A600A299F9 /* BaseView.swift in Sources */,
				BFBB8A6C271EB3EC00A299F9 /* MainViewBuilder.swift in Sources */,
				BFBB8A62271EB3A600A299F9 /* GenericValueProtocol.swift in Sources */,
				BFBB8A61271EB3A600A299F9 /* GenericRowType.swift in Sources */,
				BFBB8A47271EB39E00A299F9 /* CommonUtilImages.swift in Sources */,
				BFBB8A46271EB39E00A299F9 /* TabBarImages.swift in Sources */,
				BFBB8A6E271EB3FC00A299F9 /* MainViewController.swift in Sources */,
				BFBB8A48271EB39E00A299F9 /* PageViewImages.swift in Sources */,
				BFBB8A66271EB3A600A299F9 /* GenericBaseView.swift in Sources */,
				BFBB8A45271EB39E00A299F9 /* SFSymbolsHelper.swift in Sources */,
				BF403BA3271E799900E58BED /* WeatherApp.xcdatamodeld in Sources */,
				BFBB8A72271EB48F00A299F9 /* SplashViewModel.swift in Sources */,
				BFBB8A76271EB49C00A299F9 /* SplashViewBuilder.swift in Sources */,
				BF403B99271E799900E58BED /* AppDelegate.swift in Sources */,
				BFBB8A42271EB39E00A299F9 /* UIApplication+Extension.swift in Sources */,
				BF403BD0271E8E7300E58BED /* EndpointHelper.swift in Sources */,
			);
			runOnlyForDeploymentPostprocessing = 0;
		};
		BF403BAA271E799E00E58BED /* Sources */ = {
			isa = PBXSourcesBuildPhase;
			buildActionMask = 2147483647;
			files = (
				BF403BB3271E799E00E58BED /* WeatherAppTests.swift in Sources */,
			);
			runOnlyForDeploymentPostprocessing = 0;
		};
		BF403BB4271E799E00E58BED /* Sources */ = {
			isa = PBXSourcesBuildPhase;
			buildActionMask = 2147483647;
			files = (
				BF403BBD271E799E00E58BED /* WeatherAppUITests.swift in Sources */,
				BF403BBF271E799E00E58BED /* WeatherAppUITestsLaunchTests.swift in Sources */,
			);
			runOnlyForDeploymentPostprocessing = 0;
		};
/* End PBXSourcesBuildPhase section */

/* Begin PBXTargetDependency section */
		BF403BB0271E799E00E58BED /* PBXTargetDependency */ = {
			isa = PBXTargetDependency;
			target = BF403B94271E799900E58BED /* WeatherApp */;
			targetProxy = BF403BAF271E799E00E58BED /* PBXContainerItemProxy */;
		};
		BF403BBA271E799E00E58BED /* PBXTargetDependency */ = {
			isa = PBXTargetDependency;
			target = BF403B94271E799900E58BED /* WeatherApp */;
			targetProxy = BF403BB9271E799E00E58BED /* PBXContainerItemProxy */;
		};
/* End PBXTargetDependency section */

/* Begin PBXVariantGroup section */
		BF403B9E271E799900E58BED /* Main.storyboard */ = {
			isa = PBXVariantGroup;
			children = (
				BF403B9F271E799900E58BED /* Base */,
			);
			name = Main.storyboard;
			sourceTree = "<group>";
		};
		BF403BA6271E799D00E58BED /* LaunchScreen.storyboard */ = {
			isa = PBXVariantGroup;
			children = (
				BF403BA7271E799D00E58BED /* Base */,
			);
			name = LaunchScreen.storyboard;
			sourceTree = "<group>";
		};
/* End PBXVariantGroup section */

/* Begin XCBuildConfiguration section */
		BF403BC0271E799E00E58BED /* Debug */ = {
			isa = XCBuildConfiguration;
			buildSettings = {
				ALWAYS_SEARCH_USER_PATHS = NO;
				CLANG_ANALYZER_NONNULL = YES;
				CLANG_ANALYZER_NUMBER_OBJECT_CONVERSION = YES_AGGRESSIVE;
				CLANG_CXX_LANGUAGE_STANDARD = "gnu++17";
				CLANG_CXX_LIBRARY = "libc++";
				CLANG_ENABLE_MODULES = YES;
				CLANG_ENABLE_OBJC_ARC = YES;
				CLANG_ENABLE_OBJC_WEAK = YES;
				CLANG_WARN_BLOCK_CAPTURE_AUTORELEASING = YES;
				CLANG_WARN_BOOL_CONVERSION = YES;
				CLANG_WARN_COMMA = YES;
				CLANG_WARN_CONSTANT_CONVERSION = YES;
				CLANG_WARN_DEPRECATED_OBJC_IMPLEMENTATIONS = YES;
				CLANG_WARN_DIRECT_OBJC_ISA_USAGE = YES_ERROR;
				CLANG_WARN_DOCUMENTATION_COMMENTS = YES;
				CLANG_WARN_EMPTY_BODY = YES;
				CLANG_WARN_ENUM_CONVERSION = YES;
				CLANG_WARN_INFINITE_RECURSION = YES;
				CLANG_WARN_INT_CONVERSION = YES;
				CLANG_WARN_NON_LITERAL_NULL_CONVERSION = YES;
				CLANG_WARN_OBJC_IMPLICIT_RETAIN_SELF = YES;
				CLANG_WARN_OBJC_LITERAL_CONVERSION = YES;
				CLANG_WARN_OBJC_ROOT_CLASS = YES_ERROR;
				CLANG_WARN_QUOTED_INCLUDE_IN_FRAMEWORK_HEADER = YES;
				CLANG_WARN_RANGE_LOOP_ANALYSIS = YES;
				CLANG_WARN_STRICT_PROTOTYPES = YES;
				CLANG_WARN_SUSPICIOUS_MOVE = YES;
				CLANG_WARN_UNGUARDED_AVAILABILITY = YES_AGGRESSIVE;
				CLANG_WARN_UNREACHABLE_CODE = YES;
				CLANG_WARN__DUPLICATE_METHOD_MATCH = YES;
				COPY_PHASE_STRIP = NO;
				DEBUG_INFORMATION_FORMAT = dwarf;
				ENABLE_STRICT_OBJC_MSGSEND = YES;
				ENABLE_TESTABILITY = YES;
				GCC_C_LANGUAGE_STANDARD = gnu11;
				GCC_DYNAMIC_NO_PIC = NO;
				GCC_NO_COMMON_BLOCKS = YES;
				GCC_OPTIMIZATION_LEVEL = 0;
				GCC_PREPROCESSOR_DEFINITIONS = (
					"DEBUG=1",
					"$(inherited)",
				);
				GCC_WARN_64_TO_32_BIT_CONVERSION = YES;
				GCC_WARN_ABOUT_RETURN_TYPE = YES_ERROR;
				GCC_WARN_UNDECLARED_SELECTOR = YES;
				GCC_WARN_UNINITIALIZED_AUTOS = YES_AGGRESSIVE;
				GCC_WARN_UNUSED_FUNCTION = YES;
				GCC_WARN_UNUSED_VARIABLE = YES;
				IPHONEOS_DEPLOYMENT_TARGET = 15.0;
				MTL_ENABLE_DEBUG_INFO = INCLUDE_SOURCE;
				MTL_FAST_MATH = YES;
				ONLY_ACTIVE_ARCH = YES;
				SDKROOT = iphoneos;
				SWIFT_ACTIVE_COMPILATION_CONDITIONS = DEBUG;
				SWIFT_OPTIMIZATION_LEVEL = "-Onone";
			};
			name = Debug;
		};
		BF403BC1271E799E00E58BED /* Release */ = {
			isa = XCBuildConfiguration;
			buildSettings = {
				ALWAYS_SEARCH_USER_PATHS = NO;
				CLANG_ANALYZER_NONNULL = YES;
				CLANG_ANALYZER_NUMBER_OBJECT_CONVERSION = YES_AGGRESSIVE;
				CLANG_CXX_LANGUAGE_STANDARD = "gnu++17";
				CLANG_CXX_LIBRARY = "libc++";
				CLANG_ENABLE_MODULES = YES;
				CLANG_ENABLE_OBJC_ARC = YES;
				CLANG_ENABLE_OBJC_WEAK = YES;
				CLANG_WARN_BLOCK_CAPTURE_AUTORELEASING = YES;
				CLANG_WARN_BOOL_CONVERSION = YES;
				CLANG_WARN_COMMA = YES;
				CLANG_WARN_CONSTANT_CONVERSION = YES;
				CLANG_WARN_DEPRECATED_OBJC_IMPLEMENTATIONS = YES;
				CLANG_WARN_DIRECT_OBJC_ISA_USAGE = YES_ERROR;
				CLANG_WARN_DOCUMENTATION_COMMENTS = YES;
				CLANG_WARN_EMPTY_BODY = YES;
				CLANG_WARN_ENUM_CONVERSION = YES;
				CLANG_WARN_INFINITE_RECURSION = YES;
				CLANG_WARN_INT_CONVERSION = YES;
				CLANG_WARN_NON_LITERAL_NULL_CONVERSION = YES;
				CLANG_WARN_OBJC_IMPLICIT_RETAIN_SELF = YES;
				CLANG_WARN_OBJC_LITERAL_CONVERSION = YES;
				CLANG_WARN_OBJC_ROOT_CLASS = YES_ERROR;
				CLANG_WARN_QUOTED_INCLUDE_IN_FRAMEWORK_HEADER = YES;
				CLANG_WARN_RANGE_LOOP_ANALYSIS = YES;
				CLANG_WARN_STRICT_PROTOTYPES = YES;
				CLANG_WARN_SUSPICIOUS_MOVE = YES;
				CLANG_WARN_UNGUARDED_AVAILABILITY = YES_AGGRESSIVE;
				CLANG_WARN_UNREACHABLE_CODE = YES;
				CLANG_WARN__DUPLICATE_METHOD_MATCH = YES;
				COPY_PHASE_STRIP = NO;
				DEBUG_INFORMATION_FORMAT = "dwarf-with-dsym";
				ENABLE_NS_ASSERTIONS = NO;
				ENABLE_STRICT_OBJC_MSGSEND = YES;
				GCC_C_LANGUAGE_STANDARD = gnu11;
				GCC_NO_COMMON_BLOCKS = YES;
				GCC_WARN_64_TO_32_BIT_CONVERSION = YES;
				GCC_WARN_ABOUT_RETURN_TYPE = YES_ERROR;
				GCC_WARN_UNDECLARED_SELECTOR = YES;
				GCC_WARN_UNINITIALIZED_AUTOS = YES_AGGRESSIVE;
				GCC_WARN_UNUSED_FUNCTION = YES;
				GCC_WARN_UNUSED_VARIABLE = YES;
				IPHONEOS_DEPLOYMENT_TARGET = 15.0;
				MTL_ENABLE_DEBUG_INFO = NO;
				MTL_FAST_MATH = YES;
				SDKROOT = iphoneos;
				SWIFT_COMPILATION_MODE = wholemodule;
				SWIFT_OPTIMIZATION_LEVEL = "-O";
				VALIDATE_PRODUCT = YES;
			};
			name = Release;
		};
		BF403BC3271E799E00E58BED /* Debug */ = {
			isa = XCBuildConfiguration;
			buildSettings = {
				ASSETCATALOG_COMPILER_APPICON_NAME = AppIcon;
				ASSETCATALOG_COMPILER_GLOBAL_ACCENT_COLOR_NAME = AccentColor;
				CODE_SIGN_STYLE = Automatic;
				CURRENT_PROJECT_VERSION = 1;
				GENERATE_INFOPLIST_FILE = YES;
				INFOPLIST_FILE = WeatherApp/Info.plist;
				INFOPLIST_KEY_CFBundleDisplayName = WeatherApplication;
				INFOPLIST_KEY_UIApplicationSupportsIndirectInputEvents = YES;
				INFOPLIST_KEY_UILaunchStoryboardName = LaunchScreen;
				INFOPLIST_KEY_UISupportedInterfaceOrientations_iPad = "UIInterfaceOrientationPortrait UIInterfaceOrientationPortraitUpsideDown UIInterfaceOrientationLandscapeLeft UIInterfaceOrientationLandscapeRight";
				INFOPLIST_KEY_UISupportedInterfaceOrientations_iPhone = "UIInterfaceOrientationPortrait UIInterfaceOrientationLandscapeLeft UIInterfaceOrientationLandscapeRight";
				LD_RUNPATH_SEARCH_PATHS = (
					"$(inherited)",
					"@executable_path/Frameworks",
				);
				MARKETING_VERSION = 1.0;
				PRODUCT_BUNDLE_IDENTIFIER = metin.WeatherApp;
				PRODUCT_NAME = "$(TARGET_NAME)";
				SWIFT_EMIT_LOC_STRINGS = YES;
				SWIFT_VERSION = 5.0;
				TARGETED_DEVICE_FAMILY = "1,2";
			};
			name = Debug;
		};
		BF403BC4271E799E00E58BED /* Release */ = {
			isa = XCBuildConfiguration;
			buildSettings = {
				ASSETCATALOG_COMPILER_APPICON_NAME = AppIcon;
				ASSETCATALOG_COMPILER_GLOBAL_ACCENT_COLOR_NAME = AccentColor;
				CODE_SIGN_STYLE = Automatic;
				CURRENT_PROJECT_VERSION = 1;
				GENERATE_INFOPLIST_FILE = YES;
				INFOPLIST_FILE = WeatherApp/Info.plist;
				INFOPLIST_KEY_CFBundleDisplayName = WeatherApplication;
				INFOPLIST_KEY_UIApplicationSupportsIndirectInputEvents = YES;
				INFOPLIST_KEY_UILaunchStoryboardName = LaunchScreen;
				INFOPLIST_KEY_UISupportedInterfaceOrientations_iPad = "UIInterfaceOrientationPortrait UIInterfaceOrientationPortraitUpsideDown UIInterfaceOrientationLandscapeLeft UIInterfaceOrientationLandscapeRight";
				INFOPLIST_KEY_UISupportedInterfaceOrientations_iPhone = "UIInterfaceOrientationPortrait UIInterfaceOrientationLandscapeLeft UIInterfaceOrientationLandscapeRight";
				LD_RUNPATH_SEARCH_PATHS = (
					"$(inherited)",
					"@executable_path/Frameworks",
				);
				MARKETING_VERSION = 1.0;
				PRODUCT_BUNDLE_IDENTIFIER = metin.WeatherApp;
				PRODUCT_NAME = "$(TARGET_NAME)";
				SWIFT_EMIT_LOC_STRINGS = YES;
				SWIFT_VERSION = 5.0;
				TARGETED_DEVICE_FAMILY = "1,2";
			};
			name = Release;
		};
		BF403BC6271E799E00E58BED /* Debug */ = {
			isa = XCBuildConfiguration;
			buildSettings = {
				ALWAYS_EMBED_SWIFT_STANDARD_LIBRARIES = YES;
				BUNDLE_LOADER = "$(TEST_HOST)";
				CODE_SIGN_STYLE = Automatic;
				CURRENT_PROJECT_VERSION = 1;
				GENERATE_INFOPLIST_FILE = YES;
				IPHONEOS_DEPLOYMENT_TARGET = 15.0;
				LD_RUNPATH_SEARCH_PATHS = (
					"$(inherited)",
					"@executable_path/Frameworks",
					"@loader_path/Frameworks",
				);
				MARKETING_VERSION = 1.0;
				PRODUCT_BUNDLE_IDENTIFIER = metin.WeatherAppTests;
				PRODUCT_NAME = "$(TARGET_NAME)";
				SWIFT_EMIT_LOC_STRINGS = NO;
				SWIFT_VERSION = 5.0;
				TARGETED_DEVICE_FAMILY = "1,2";
				TEST_HOST = "$(BUILT_PRODUCTS_DIR)/WeatherApp.app/WeatherApp";
			};
			name = Debug;
		};
		BF403BC7271E799E00E58BED /* Release */ = {
			isa = XCBuildConfiguration;
			buildSettings = {
				ALWAYS_EMBED_SWIFT_STANDARD_LIBRARIES = YES;
				BUNDLE_LOADER = "$(TEST_HOST)";
				CODE_SIGN_STYLE = Automatic;
				CURRENT_PROJECT_VERSION = 1;
				GENERATE_INFOPLIST_FILE = YES;
				IPHONEOS_DEPLOYMENT_TARGET = 15.0;
				LD_RUNPATH_SEARCH_PATHS = (
					"$(inherited)",
					"@executable_path/Frameworks",
					"@loader_path/Frameworks",
				);
				MARKETING_VERSION = 1.0;
				PRODUCT_BUNDLE_IDENTIFIER = metin.WeatherAppTests;
				PRODUCT_NAME = "$(TARGET_NAME)";
				SWIFT_EMIT_LOC_STRINGS = NO;
				SWIFT_VERSION = 5.0;
				TARGETED_DEVICE_FAMILY = "1,2";
				TEST_HOST = "$(BUILT_PRODUCTS_DIR)/WeatherApp.app/WeatherApp";
			};
			name = Release;
		};
		BF403BC9271E799E00E58BED /* Debug */ = {
			isa = XCBuildConfiguration;
			buildSettings = {
				ALWAYS_EMBED_SWIFT_STANDARD_LIBRARIES = YES;
				CODE_SIGN_STYLE = Automatic;
				CURRENT_PROJECT_VERSION = 1;
				GENERATE_INFOPLIST_FILE = YES;
				LD_RUNPATH_SEARCH_PATHS = (
					"$(inherited)",
					"@executable_path/Frameworks",
					"@loader_path/Frameworks",
				);
				MARKETING_VERSION = 1.0;
				PRODUCT_BUNDLE_IDENTIFIER = metin.WeatherAppUITests;
				PRODUCT_NAME = "$(TARGET_NAME)";
				SWIFT_EMIT_LOC_STRINGS = NO;
				SWIFT_VERSION = 5.0;
				TARGETED_DEVICE_FAMILY = "1,2";
				TEST_TARGET_NAME = WeatherApp;
			};
			name = Debug;
		};
		BF403BCA271E799E00E58BED /* Release */ = {
			isa = XCBuildConfiguration;
			buildSettings = {
				ALWAYS_EMBED_SWIFT_STANDARD_LIBRARIES = YES;
				CODE_SIGN_STYLE = Automatic;
				CURRENT_PROJECT_VERSION = 1;
				GENERATE_INFOPLIST_FILE = YES;
				LD_RUNPATH_SEARCH_PATHS = (
					"$(inherited)",
					"@executable_path/Frameworks",
					"@loader_path/Frameworks",
				);
				MARKETING_VERSION = 1.0;
				PRODUCT_BUNDLE_IDENTIFIER = metin.WeatherAppUITests;
				PRODUCT_NAME = "$(TARGET_NAME)";
				SWIFT_EMIT_LOC_STRINGS = NO;
				SWIFT_VERSION = 5.0;
				TARGETED_DEVICE_FAMILY = "1,2";
				TEST_TARGET_NAME = WeatherApp;
			};
			name = Release;
		};
/* End XCBuildConfiguration section */

/* Begin XCConfigurationList section */
		BF403B90271E799900E58BED /* Build configuration list for PBXProject "WeatherApp" */ = {
			isa = XCConfigurationList;
			buildConfigurations = (
				BF403BC0271E799E00E58BED /* Debug */,
				BF403BC1271E799E00E58BED /* Release */,
			);
			defaultConfigurationIsVisible = 0;
			defaultConfigurationName = Release;
		};
		BF403BC2271E799E00E58BED /* Build configuration list for PBXNativeTarget "WeatherApp" */ = {
			isa = XCConfigurationList;
			buildConfigurations = (
				BF403BC3271E799E00E58BED /* Debug */,
				BF403BC4271E799E00E58BED /* Release */,
			);
			defaultConfigurationIsVisible = 0;
			defaultConfigurationName = Release;
		};
		BF403BC5271E799E00E58BED /* Build configuration list for PBXNativeTarget "WeatherAppTests" */ = {
			isa = XCConfigurationList;
			buildConfigurations = (
				BF403BC6271E799E00E58BED /* Debug */,
				BF403BC7271E799E00E58BED /* Release */,
			);
			defaultConfigurationIsVisible = 0;
			defaultConfigurationName = Release;
		};
		BF403BC8271E799E00E58BED /* Build configuration list for PBXNativeTarget "WeatherAppUITests" */ = {
			isa = XCConfigurationList;
			buildConfigurations = (
				BF403BC9271E799E00E58BED /* Debug */,
				BF403BCA271E799E00E58BED /* Release */,
			);
			defaultConfigurationIsVisible = 0;
			defaultConfigurationName = Release;
		};
/* End XCConfigurationList section */

/* Begin XCRemoteSwiftPackageReference section */
		BF403BCB271E7AFB00E58BED /* XCRemoteSwiftPackageReference "DefaultNetworkOperationPackage" */ = {
			isa = XCRemoteSwiftPackageReference;
			repositoryURL = "https://github.com/darkbringer1/DefaultNetworkOperationPackage.git";
			requirement = {
				kind = upToNextMajorVersion;
				minimumVersion = 1.0.0;
			};
		};
		BF403BD5271EA9C300E58BED /* XCRemoteSwiftPackageReference "firebase-ios-sdk" */ = {
			isa = XCRemoteSwiftPackageReference;
			repositoryURL = "https://github.com/firebase/firebase-ios-sdk.git";
			requirement = {
				kind = upToNextMajorVersion;
				minimumVersion = 8.0.0;
			};
		};
/* End XCRemoteSwiftPackageReference section */

/* Begin XCSwiftPackageProductDependency section */
		BF403BCC271E7AFB00E58BED /* DefaultNetworkOperationPackage */ = {
			isa = XCSwiftPackageProductDependency;
			package = BF403BCB271E7AFB00E58BED /* XCRemoteSwiftPackageReference "DefaultNetworkOperationPackage" */;
			productName = DefaultNetworkOperationPackage;
		};
		BF403BD6271EA9C300E58BED /* FirebaseAnalytics */ = {
			isa = XCSwiftPackageProductDependency;
			package = BF403BD5271EA9C300E58BED /* XCRemoteSwiftPackageReference "firebase-ios-sdk" */;
			productName = FirebaseAnalytics;
		};
		BF403BD8271EA9C300E58BED /* FirebaseAuth */ = {
			isa = XCSwiftPackageProductDependency;
			package = BF403BD5271EA9C300E58BED /* XCRemoteSwiftPackageReference "firebase-ios-sdk" */;
			productName = FirebaseAuth;
		};
/* End XCSwiftPackageProductDependency section */

/* Begin XCVersionGroup section */
		BF403BA1271E799900E58BED /* WeatherApp.xcdatamodeld */ = {
			isa = XCVersionGroup;
			children = (
				BF403BA2271E799900E58BED /* WeatherApp.xcdatamodel */,
			);
			currentVersion = BF403BA2271E799900E58BED /* WeatherApp.xcdatamodel */;
			path = WeatherApp.xcdatamodeld;
			sourceTree = "<group>";
			versionGroupType = wrapper.xcdatamodel;
		};
/* End XCVersionGroup section */
	};
	rootObject = BF403B8D271E799900E58BED /* Project object */;
}
